{
  "name": "desmos-markdown",
  "version": "0.1.0",
  "lockfileVersion": 3,
  "requires": true,
  "packages": {
    "": {
      "name": "desmos-markdown",
      "version": "0.1.0",
      "license": "MIT",
      "devDependencies": {
        "@types/desmos": "1.11"
      }
    },
    "node_modules/@types/desmos": {
      "version": "1.11.0",
      "resolved": "https://registry.npmjs.org/@types/desmos/-/desmos-1.11.0.tgz",
      "integrity": "sha512-bx2VyonCstH0oy9wrBZoFvxV46hiXOD8YcTI6BhNhQg3oERtrcit32p/+06MBiXi3ocNmUr/3kC5B5Sod9vIrg==",
      "dev": true,
      "license": "MIT"
    }
  }
}
